// !$*UTF8*$!
{
	archiveVersion = 1;
	classes = {
	};
	objectVersion = 56;
	objects = {

/* Begin PBXBuildFile section */
		95D24B89300C910E008A3F53 /* goals_appApp.swift in Sources */ = {isa = PBXBuildFile; fileRef = 95D24B88300C910E008A3F53 /* goals_appApp.swift */; };
		95D24B8B300C910E008A3F53 /* ContentView.swift in Sources */ = {isa = PBXBuildFile; fileRef = 95D24B8A300C910E008A3F53 /* ContentView.swift */; };
		A20000010000000000000001 /* GoalsView.swift in Sources */ = {isa = PBXBuildFile; fileRef = A20000020000000000000002 /* GoalsView.swift */; };
		A30000010000000000000001 /* Theme.swift in Sources */ = {isa = PBXBuildFile; fileRef = A30000020000000000000002 /* Theme.swift */; };
		A40000010000000000000001 /* LocalUIState.swift in Sources */ = {isa = PBXBuildFile; fileRef = A40000020000000000000002 /* LocalUIState.swift */; };
		A50000010000000000000001 /* Customization.swift in Sources */ = {isa = PBXBuildFile; fileRef = A50000020000000000000002 /* Customization.swift */; };
		A60000010000000000000001 /* ChartTimeline.swift in Sources */ = {isa = PBXBuildFile; fileRef = A60000020000000000000002 /* ChartTimeline.swift */; };
		A70000010000000000000001 /* ScheduleView.swift in Sources */ = {isa = PBXBuildFile; fileRef = A70000020000000000000002 /* ScheduleView.swift */; };
		A80000010000000000000001 /* ReminderNotifications.swift in Sources */ = {isa = PBXBuildFile; fileRef = A80000020000000000000002 /* ReminderNotifications.swift */; };
		95D24B8D300C910F008A3F53 /* Assets.xcassets in Resources */ = {isa = PBXBuildFile; fileRef = 95D24B8C300C910F008A3F53 /* Assets.xcassets */; };
		95D24B90300C910F008A3F53 /* Preview Assets.xcassets in Resources */ = {isa = PBXBuildFile; fileRef = 95D24B8F300C910F008A3F53 /* Preview Assets.xcassets */; };
		95D24B9A300C910F008A3F53 /* goals_appTests.swift in Sources */ = {isa = PBXBuildFile; fileRef = 95D24B99300C910F008A3F53 /* goals_appTests.swift */; };
		95D24BA4300C910F008A3F53 /* goals_appUITests.swift in Sources */ = {isa = PBXBuildFile; fileRef = 95D24BA3300C910F008A3F53 /* goals_appUITests.swift */; };
		95D24BA6300C910F008A3F53 /* goals_appUITestsLaunchTests.swift in Sources */ = {isa = PBXBuildFile; fileRef = 95D24BA5300C910F008A3F53 /* goals_appUITestsLaunchTests.swift */; };
		A10000010000000000000001 /* LinkKit in Frameworks */ = {isa = PBXBuildFile; productRef = A10000030000000000000003 /* LinkKit */; };
/* End PBXBuildFile section */

/* Begin PBXContainerItemProxy section */
		95D24B96300C910F008A3F53 /* PBXContainerItemProxy */ = {
			isa = PBXContainerItemProxy;
			containerPortal = 95D24B7D300C910E008A3F53 /* Project object */;
			proxyType = 1;
			remoteGlobalIDString = 95D24B84300C910E008A3F53;
			remoteInfo = "goals-app";
		};
		95D24BA0300C910F008A3F53 /* PBXContainerItemProxy */ = {
			isa = PBXContainerItemProxy;
			containerPortal = 95D24B7D300C910E008A3F53 /* Project object */;
			proxyType = 1;
			remoteGlobalIDString = 95D24B84300C910E008A3F53;
			remoteInfo = "goals-app";
		};
/* End PBXContainerItemProxy section */

/* Begin PBXFileReference section */
		95D24B85300C910E008A3F53 /* goals-app.app */ = {isa = PBXFileReference; explicitFileType = wrapper.application; includeInIndex = 0; path = "goals-app.app"; sourceTree = BUILT_PRODUCTS_DIR; };
		95D24B88300C910E008A3F53 /* goals_appApp.swift */ = {isa = PBXFileReference; lastKnownFileType = sourcecode.swift; path = goals_appApp.swift; sourceTree = "<group>"; };
		95D24B8A300C910E008A3F53 /* ContentView.swift */ = {isa = PBXFileReference; lastKnownFileType = sourcecode.swift; path = ContentView.swift; sourceTree = "<group>"; };
		A20000020000000000000002 /* GoalsView.swift */ = {isa = PBXFileReference; lastKnownFileType = sourcecode.swift; path = GoalsView.swift; sourceTree = "<group>"; };
		A30000020000000000000002 /* Theme.swift */ = {isa = PBXFileReference; lastKnownFileType = sourcecode.swift; path = Theme.swift; sourceTree = "<group>"; };
		A40000020000000000000002 /* LocalUIState.swift */ = {isa = PBXFileReference; lastKnownFileType = sourcecode.swift; path = LocalUIState.swift; sourceTree = "<group>"; };
		A50000020000000000000002 /* Customization.swift */ = {isa = PBXFileReference; lastKnownFileType = sourcecode.swift; path = Customization.swift; sourceTree = "<group>"; };
		A60000020000000000000002 /* ChartTimeline.swift */ = {isa = PBXFileReference; lastKnownFileType = sourcecode.swift; path = ChartTimeline.swift; sourceTree = "<group>"; };
		A70000020000000000000002 /* ScheduleView.swift */ = {isa = PBXFileReference; lastKnownFileType = sourcecode.swift; path = ScheduleView.swift; sourceTree = "<group>"; };
		A80000020000000000000002 /* ReminderNotifications.swift */ = {isa = PBXFileReference; lastKnownFileType = sourcecode.swift; path = ReminderNotifications.swift; sourceTree = "<group>"; };
		95D24B8C300C910F008A3F53 /* Assets.xcassets */ = {isa = PBXFileReference; lastKnownFileType = folder.assetcatalog; path = Assets.xcassets; sourceTree = "<group>"; };
		95D24B8F300C910F008A3F53 /* Preview Assets.xcassets */ = {isa = PBXFileReference; lastKnownFileType = folder.assetcatalog; path = "Preview Assets.xcassets"; sourceTree = "<group>"; };
		95D24B95300C910F008A3F53 /* goals-appTests.xctest */ = {isa = PBXFileReference; explicitFileType = wrapper.cfbundle; includeInIndex = 0; path = "goals-appTests.xctest"; sourceTree = BUILT_PRODUCTS_DIR; };
		95D24B99300C910F008A3F53 /* goals_appTests.swift */ = {isa = PBXFileReference; lastKnownFileType = sourcecode.swift; path = goals_appTests.swift; sourceTree = "<group>"; };
		95D24B9F300C910F008A3F53 /* goals-appUITests.xctest */ = {isa = PBXFileReference; explicitFileType = wrapper.cfbundle; includeInIndex = 0; path = "goals-appUITests.xctest"; sourceTree = BUILT_PRODUCTS_DIR; };
		95D24BA3300C910F008A3F53 /* goals_appUITests.swift */ = {isa = PBXFileReference; lastKnownFileType = sourcecode.swift; path = goals_appUITests.swift; sourceTree = "<group>"; };
		95D24BA5300C910F008A3F53 /* goals_appUITestsLaunchTests.swift */ = {isa = PBXFileReference; lastKnownFileType = sourcecode.swift; path = goals_appUITestsLaunchTests.swift; sourceTree = "<group>"; };
/* End PBXFileReference section */

/* Begin PBXFrameworksBuildPhase section */
		95D24B82300C910E008A3F53 /* Frameworks */ = {
			isa = PBXFrameworksBuildPhase;
			buildActionMask = 2147483647;
			files = (
				A10000010000000000000001 /* LinkKit in Frameworks */,
			);
			runOnlyForDeploymentPostprocessing = 0;
		};
		95D24B92300C910F008A3F53 /* Frameworks */ = {
			isa = PBXFrameworksBuildPhase;
			buildActionMask = 2147483647;
			files = (
			);
			runOnlyForDeploymentPostprocessing = 0;
		};
		95D24B9C300C910F008A3F53 /* Frameworks */ = {
			isa = PBXFrameworksBuildPhase;
			buildActionMask = 2147483647;
			files = (
			);
			runOnlyForDeploymentPostprocessing = 0;
		};
/* End PBXFrameworksBuildPhase section */

/* Begin PBXGroup section */
		95D24B7C300C910E008A3F53 = {
			isa = PBXGroup;
			children = (
				95D24B87300C910E008A3F53 /* goals-app */,
				95D24B98300C910F008A3F53 /* goals-appTests */,
				95D24BA2300C910F008A3F53 /* goals-appUITests */,
				95D24B86300C910E008A3F53 /* Products */,
			);
			sourceTree = "<group>";
		};
		95D24B86300C910E008A3F53 /* Products */ = {
			isa = PBXGroup;
			children = (
				95D24B85300C910E008A3F53 /* goals-app.app */,
				95D24B95300C910F008A3F53 /* goals-appTests.xctest */,
				95D24B9F300C910F008A3F53 /* goals-appUITests.xctest */,
			);
			name = Products;
			sourceTree = "<group>";
		};
		95D24B87300C910E008A3F53 /* goals-app */ = {
			isa = PBXGroup;
			children = (
				95D24B88300C910E008A3F53 /* goals_appApp.swift */,
				95D24B8A300C910E008A3F53 /* ContentView.swift */,
				A20000020000000000000002 /* GoalsView.swift */,
				A30000020000000000000002 /* Theme.swift */,
				A40000020000000000000002 /* LocalUIState.swift */,
				A50000020000000000000002 /* Customization.swift */,
				A60000020000000000000002 /* ChartTimeline.swift */,
				A70000020000000000000002 /* ScheduleView.swift */,
				A80000020000000000000002 /* ReminderNotifications.swift */,
				95D24B8C300C910F008A3F53 /* Assets.xcassets */,
				95D24B8E300C910F008A3F53 /* Preview Content */,
			);
			path = "goals-app";
			sourceTree = "<group>";
		};
		95D24B8E300C910F008A3F53 /* Preview Content */ = {
			isa = PBXGroup;
			children = (
				95D24B8F300C910F008A3F53 /* Preview Assets.xcassets */,
			);
			path = "Preview Content";
			sourceTree = "<group>";
		};
		95D24B98300C910F008A3F53 /* goals-appTests */ = {
			isa = PBXGroup;
			children = (
				95D24B99300C910F008A3F53 /* goals_appTests.swift */,
			);
			path = "goals-appTests";
			sourceTree = "<group>";
		};
		95D24BA2300C910F008A3F53 /* goals-appUITests */ = {
			isa = PBXGroup;
			children = (
				95D24BA3300C910F008A3F53 /* goals_appUITests.swift */,
				95D24BA5300C910F008A3F53 /* goals_appUITestsLaunchTests.swift */,
			);
			path = "goals-appUITests";
			sourceTree = "<group>";
		};
/* End PBXGroup section */

/* Begin PBXNativeTarget section */
		95D24B84300C910E008A3F53 /* goals-app */ = {
			isa = PBXNativeTarget;
			buildConfigurationList = 95D24BA9300C910F008A3F53 /* Build configuration list for PBXNativeTarget "goals-app" */;
			buildPhases = (
				95D24B81300C910E008A3F53 /* Sources */,
				95D24B82300C910E008A3F53 /* Frameworks */,
				95D24B83300C910E008A3F53 /* Resources */,
			);
			buildRules = (
			);
			dependencies = (
			);
			name = "goals-app";
			packageProductDependencies = (
				A10000030000000000000003 /* LinkKit */,
			);
			productName = "goals-app";
			productReference = 95D24B85300C910E008A3F53 /* goals-app.app */;
			productType = "com.apple.product-type.application";
		};
		95D24B94300C910F008A3F53 /* goals-appTests */ = {
			isa = PBXNativeTarget;
			buildConfigurationList = 95D24BAC300C910F008A3F53 /* Build configuration list for PBXNativeTarget "goals-appTests" */;
			buildPhases = (
				95D24B91300C910F008A3F53 /* Sources */,
				95D24B92300C910F008A3F53 /* Frameworks */,
				95D24B93300C910F008A3F53 /* Resources */,
			);
			buildRules = (
			);
			dependencies = (
				95D24B97300C910F008A3F53 /* PBXTargetDependency */,
			);
			name = "goals-appTests";
			productName = "goals-appTests";
			productReference = 95D24B95300C910F008A3F53 /* goals-appTests.xctest */;
			productType = "com.apple.product-type.bundle.unit-test";
		};
		95D24B9E300C910F008A3F53 /* goals-appUITests */ = {
			isa = PBXNativeTarget;
			buildConfigurationList = 95D24BAF300C910F008A3F53 /* Build configuration list for PBXNativeTarget "goals-appUITests" */;
			buildPhases = (
				95D24B9B300C910F008A3F53 /* Sources */,
				95D24B9C300C910F008A3F53 /* Frameworks */,
				95D24B9D300C910F008A3F53 /* Resources */,
			);
			buildRules = (
			);
			dependencies = (
				95D24BA1300C910F008A3F53 /* PBXTargetDependency */,
			);
			name = "goals-appUITests";
			productName = "goals-appUITests";
			productReference = 95D24B9F300C910F008A3F53 /* goals-appUITests.xctest */;
			productType = "com.apple.product-type.bundle.ui-testing";
		};
/* End PBXNativeTarget section */

/* Begin PBXProject section */
		95D24B7D300C910E008A3F53 /* Project object */ = {
			isa = PBXProject;
			attributes = {
				BuildIndependentTargetsInParallel = 1;
				LastSwiftUpdateCheck = 1430;
				LastUpgradeCheck = 2660;
				TargetAttributes = {
					95D24B84300C910E008A3F53 = {
						CreatedOnToolsVersion = 14.3.1;
					};
					95D24B94300C910F008A3F53 = {
						CreatedOnToolsVersion = 14.3.1;
						TestTargetID = 95D24B84300C910E008A3F53;
					};
					95D24B9E300C910F008A3F53 = {
						CreatedOnToolsVersion = 14.3.1;
						TestTargetID = 95D24B84300C910E008A3F53;
					};
				};
			};
			buildConfigurationList = 95D24B80300C910E008A3F53 /* Build configuration list for PBXProject "goals-app" */;
			compatibilityVersion = "Xcode 14.0";
			developmentRegion = en;
			hasScannedForEncodings = 0;
			knownRegions = (
				en,
				Base,
			);
			mainGroup = 95D24B7C300C910E008A3F53;
			packageReferences = (
				A10000020000000000000002 /* XCRemoteSwiftPackageReference "plaid-link-ios-spm" */,
			);
			productRefGroup = 95D24B86300C910E008A3F53 /* Products */;
			projectDirPath = "";
			projectRoot = "";
			targets = (
				95D24B84300C910E008A3F53 /* goals-app */,
				95D24B94300C910F008A3F53 /* goals-appTests */,
				95D24B9E300C910F008A3F53 /* goals-appUITests */,
			);
		};
/* End PBXProject section */

/* Begin PBXResourcesBuildPhase section */
		95D24B83300C910E008A3F53 /* Resources */ = {
			isa = PBXResourcesBuildPhase;
			buildActionMask = 2147483647;
			files = (
				95D24B90300C910F008A3F53 /* Preview Assets.xcassets in Resources */,
				95D24B8D300C910F008A3F53 /* Assets.xcassets in Resources */,
			);
			runOnlyForDeploymentPostprocessing = 0;
		};
		95D24B93300C910F008A3F53 /* Resources */ = {
			isa = PBXResourcesBuildPhase;
			buildActionMask = 2147483647;
			files = (
			);
			runOnlyForDeploymentPostprocessing = 0;
		};
		95D24B9D300C910F008A3F53 /* Resources */ = {
			isa = PBXResourcesBuildPhase;
			buildActionMask = 2147483647;
			files = (
			);
			runOnlyForDeploymentPostprocessing = 0;
		};
/* End PBXResourcesBuildPhase section */

/* Begin PBXSourcesBuildPhase section */
		95D24B81300C910E008A3F53 /* Sources */ = {
			isa = PBXSourcesBuildPhase;
			buildActionMask = 2147483647;
			files = (
				95D24B8B300C910E008A3F53 /* ContentView.swift in Sources */,
				A20000010000000000000001 /* GoalsView.swift in Sources */,
				A30000010000000000000001 /* Theme.swift in Sources */,
				A40000010000000000000001 /* LocalUIState.swift in Sources */,
				A50000010000000000000001 /* Customization.swift in Sources */,
				A60000010000000000000001 /* ChartTimeline.swift in Sources */,
				A70000010000000000000001 /* ScheduleView.swift in Sources */,
				A80000010000000000000001 /* ReminderNotifications.swift in Sources */,
				95D24B89300C910E008A3F53 /* goals_appApp.swift in Sources */,
			);
			runOnlyForDeploymentPostprocessing = 0;
		};
		95D24B91300C910F008A3F53 /* Sources */ = {
			isa = PBXSourcesBuildPhase;
			buildActionMask = 2147483647;
			files = (
				95D24B9A300C910F008A3F53 /* goals_appTests.swift in Sources */,
			);
			runOnlyForDeploymentPostprocessing = 0;
		};
		95D24B9B300C910F008A3F53 /* Sources */ = {
			isa = PBXSourcesBuildPhase;
			buildActionMask = 2147483647;
			files = (
				95D24BA4300C910F008A3F53 /* goals_appUITests.swift in Sources */,
				95D24BA6300C910F008A3F53 /* goals_appUITestsLaunchTests.swift in Sources */,
			);
			runOnlyForDeploymentPostprocessing = 0;
		};
/* End PBXSourcesBuildPhase section */

/* Begin PBXTargetDependency section */
		95D24B97300C910F008A3F53 /* PBXTargetDependency */ = {
			isa = PBXTargetDependency;
			target = 95D24B84300C910E008A3F53 /* goals-app */;
			targetProxy = 95D24B96300C910F008A3F53 /* PBXContainerItemProxy */;
		};
		95D24BA1300C910F008A3F53 /* PBXTargetDependency */ = {
			isa = PBXTargetDependency;
			target = 95D24B84300C910E008A3F53 /* goals-app */;
			targetProxy = 95D24BA0300C910F008A3F53 /* PBXContainerItemProxy */;
		};
/* End PBXTargetDependency section */

/* Begin XCBuildConfiguration section */
		95D24BA7300C910F008A3F53 /* Debug */ = {
			isa = XCBuildConfiguration;
			buildSettings = {
				ALWAYS_SEARCH_USER_PATHS = NO;
				CLANG_ANALYZER_NONNULL = YES;
				CLANG_ANALYZER_NUMBER_OBJECT_CONVERSION = YES_AGGRESSIVE;
				CLANG_CXX_LANGUAGE_STANDARD = "gnu++20";
				CLANG_ENABLE_MODULES = YES;
				CLANG_ENABLE_OBJC_ARC = YES;
				CLANG_ENABLE_OBJC_WEAK = YES;
				CLANG_WARN_BLOCK_CAPTURE_AUTORELEASING = YES;
				CLANG_WARN_BOOL_CONVERSION = YES;
				CLANG_WARN_COMMA = YES;
				CLANG_WARN_CONSTANT_CONVERSION = YES;
				CLANG_WARN_DEPRECATED_OBJC_IMPLEMENTATIONS = YES;
				CLANG_WARN_DIRECT_OBJC_ISA_USAGE = YES_ERROR;
				CLANG_WARN_DOCUMENTATION_COMMENTS = YES;
				CLANG_WARN_EMPTY_BODY = YES;
				CLANG_WARN_ENUM_CONVERSION = YES;
				CLANG_WARN_INFINITE_RECURSION = YES;
				CLANG_WARN_INT_CONVERSION = YES;
				CLANG_WARN_NON_LITERAL_NULL_CONVERSION = YES;
				CLANG_WARN_OBJC_IMPLICIT_RETAIN_SELF = YES;
				CLANG_WARN_OBJC_LITERAL_CONVERSION = YES;
				CLANG_WARN_OBJC_ROOT_CLASS = YES_ERROR;
				CLANG_WARN_QUOTED_INCLUDE_IN_FRAMEWORK_HEADER = YES;
				CLANG_WARN_RANGE_LOOP_ANALYSIS = YES;
				CLANG_WARN_STRICT_PROTOTYPES = YES;
				CLANG_WARN_SUSPICIOUS_MOVE = YES;
				CLANG_WARN_UNGUARDED_AVAILABILITY = YES_AGGRESSIVE;
				CLANG_WARN_UNREACHABLE_CODE = YES;
				CLANG_WARN__DUPLICATE_METHOD_MATCH = YES;
				COPY_PHASE_STRIP = NO;
				DEBUG_INFORMATION_FORMAT = dwarf;
				DEVELOPMENT_TEAM = 43Z2N5D3UT;
				ENABLE_STRICT_OBJC_MSGSEND = YES;
				ENABLE_TESTABILITY = YES;
				ENABLE_USER_SCRIPT_SANDBOXING = YES;
				GCC_C_LANGUAGE_STANDARD = gnu11;
				GCC_DYNAMIC_NO_PIC = NO;
				GCC_NO_COMMON_BLOCKS = YES;
				GCC_OPTIMIZATION_LEVEL = 0;
				GCC_PREPROCESSOR_DEFINITIONS = (
					"DEBUG=1",
					"$(inherited)",
				);
				GCC_WARN_64_TO_32_BIT_CONVERSION = YES;
				GCC_WARN_ABOUT_RETURN_TYPE = YES_ERROR;
				GCC_WARN_UNDECLARED_SELECTOR = YES;
				GCC_WARN_UNINITIALIZED_AUTOS = YES_AGGRESSIVE;
				GCC_WARN_UNUSED_FUNCTION = YES;
				GCC_WARN_UNUSED_VARIABLE = YES;
				IPHONEOS_DEPLOYMENT_TARGET = 16.4;
				MTL_ENABLE_DEBUG_INFO = INCLUDE_SOURCE;
				MTL_FAST_MATH = YES;
				ONLY_ACTIVE_ARCH = YES;
				SDKROOT = iphoneos;
				STRING_CATALOG_GENERATE_SYMBOLS = YES;
				SWIFT_ACTIVE_COMPILATION_CONDITIONS = DEBUG;
				SWIFT_OPTIMIZATION_LEVEL = "-Onone";
			};
			name = Debug;
		};
		95D24BA8300C910F008A3F53 /* Release */ = {
			isa = XCBuildConfiguration;
			buildSettings = {
				ALWAYS_SEARCH_USER_PATHS = NO;
				CLANG_ANALYZER_NONNULL = YES;
				CLANG_ANALYZER_NUMBER_OBJECT_CONVERSION = YES_AGGRESSIVE;
				CLANG_CXX_LANGUAGE_STANDARD = "gnu++20";
				CLANG_ENABLE_MODULES = YES;
				CLANG_ENABLE_OBJC_ARC = YES;
				CLANG_ENABLE_OBJC_WEAK = YES;
				CLANG_WARN_BLOCK_CAPTURE_AUTORELEASING = YES;
				CLANG_WARN_BOOL_CONVERSION = YES;
				CLANG_WARN_COMMA = YES;
				CLANG_WARN_CONSTANT_CONVERSION = YES;
				CLANG_WARN_DEPRECATED_OBJC_IMPLEMENTATIONS = YES;
				CLANG_WARN_DIRECT_OBJC_ISA_USAGE = YES_ERROR;
				CLANG_WARN_DOCUMENTATION_COMMENTS = YES;
				CLANG_WARN_EMPTY_BODY = YES;
				CLANG_WARN_ENUM_CONVERSION = YES;
				CLANG_WARN_INFINITE_RECURSION = YES;
				CLANG_WARN_INT_CONVERSION = YES;
				CLANG_WARN_NON_LITERAL_NULL_CONVERSION = YES;
				CLANG_WARN_OBJC_IMPLICIT_RETAIN_SELF = YES;
				CLANG_WARN_OBJC_LITERAL_CONVERSION = YES;
				CLANG_WARN_OBJC_ROOT_CLASS = YES_ERROR;
				CLANG_WARN_QUOTED_INCLUDE_IN_FRAMEWORK_HEADER = YES;
				CLANG_WARN_RANGE_LOOP_ANALYSIS = YES;
				CLANG_WARN_STRICT_PROTOTYPES = YES;
				CLANG_WARN_SUSPICIOUS_MOVE = YES;
				CLANG_WARN_UNGUARDED_AVAILABILITY = YES_AGGRESSIVE;
				CLANG_WARN_UNREACHABLE_CODE = YES;
				CLANG_WARN__DUPLICATE_METHOD_MATCH = YES;
				COPY_PHASE_STRIP = NO;
				DEBUG_INFORMATION_FORMAT = "dwarf-with-dsym";
				DEVELOPMENT_TEAM = 43Z2N5D3UT;
				ENABLE_NS_ASSERTIONS = NO;
				ENABLE_STRICT_OBJC_MSGSEND = YES;
				ENABLE_USER_SCRIPT_SANDBOXING = YES;
				GCC_C_LANGUAGE_STANDARD = gnu11;
				GCC_NO_COMMON_BLOCKS = YES;
				GCC_WARN_64_TO_32_BIT_CONVERSION = YES;
				GCC_WARN_ABOUT_RETURN_TYPE = YES_ERROR;
				GCC_WARN_UNDECLARED_SELECTOR = YES;
				GCC_WARN_UNINITIALIZED_AUTOS = YES_AGGRESSIVE;
				GCC_WARN_UNUSED_FUNCTION = YES;
				GCC_WARN_UNUSED_VARIABLE = YES;
				IPHONEOS_DEPLOYMENT_TARGET = 16.4;
				MTL_ENABLE_DEBUG_INFO = NO;
				MTL_FAST_MATH = YES;
				SDKROOT = iphoneos;
				STRING_CATALOG_GENERATE_SYMBOLS = YES;
				SWIFT_COMPILATION_MODE = wholemodule;
				SWIFT_OPTIMIZATION_LEVEL = "-O";
				VALIDATE_PRODUCT = YES;
			};
			name = Release;
		};
		95D24BAA300C910F008A3F53 /* Debug */ = {
			isa = XCBuildConfiguration;
			buildSettings = {
				ASSETCATALOG_COMPILER_APPICON_NAME = AppIcon;
				ASSETCATALOG_COMPILER_GLOBAL_ACCENT_COLOR_NAME = AccentColor;
				CODE_SIGN_ENTITLEMENTS = "goals-app/goals-app.debug.entitlements";
				CODE_SIGN_STYLE = Automatic;
				CURRENT_PROJECT_VERSION = 1;
				DEVELOPMENT_ASSET_PATHS = "\"goals-app/Preview Content\"";
				ENABLE_PREVIEWS = YES;
				GENERATE_INFOPLIST_FILE = NO;
				INFOPLIST_FILE = "goals-app/Info.plist";
				INFOPLIST_KEY_UIApplicationSceneManifest_Generation = YES;
				INFOPLIST_KEY_UIApplicationSupportsIndirectInputEvents = YES;
				INFOPLIST_KEY_UILaunchScreen_Generation = YES;
				INFOPLIST_KEY_UISupportedInterfaceOrientations_iPad = "UIInterfaceOrientationPortrait UIInterfaceOrientationPortraitUpsideDown";
				INFOPLIST_KEY_UISupportedInterfaceOrientations_iPhone = UIInterfaceOrientationPortrait;
				LD_RUNPATH_SEARCH_PATHS = (
					"$(inherited)",
					"@executable_path/Frameworks",
				);
				MARKETING_VERSION = 1.0;
				PRODUCT_BUNDLE_IDENTIFIER = "calebshim.goals-app";
				PRODUCT_NAME = "$(TARGET_NAME)";
				SWIFT_EMIT_LOC_STRINGS = YES;
				SWIFT_VERSION = 5.0;
				TARGETED_DEVICE_FAMILY = "1,2";
			};
			name = Debug;
		};
		95D24BAB300C910F008A3F53 /* Release */ = {
			isa = XCBuildConfiguration;
			buildSettings = {
				ASSETCATALOG_COMPILER_APPICON_NAME = AppIcon;
				ASSETCATALOG_COMPILER_GLOBAL_ACCENT_COLOR_NAME = AccentColor;
				CODE_SIGN_ENTITLEMENTS = "goals-app/goals-app.entitlements";
				CODE_SIGN_STYLE = Automatic;
				CURRENT_PROJECT_VERSION = 1;
				DEVELOPMENT_ASSET_PATHS = "\"goals-app/Preview Content\"";
				ENABLE_PREVIEWS = YES;
				GENERATE_INFOPLIST_FILE = NO;
				INFOPLIST_FILE = "goals-app/Info.plist";
				INFOPLIST_KEY_UIApplicationSceneManifest_Generation = YES;
				INFOPLIST_KEY_UIApplicationSupportsIndirectInputEvents = YES;
				INFOPLIST_KEY_UILaunchScreen_Generation = YES;
				INFOPLIST_KEY_UISupportedInterfaceOrientations_iPad = "UIInterfaceOrientationPortrait UIInterfaceOrientationPortraitUpsideDown";
				INFOPLIST_KEY_UISupportedInterfaceOrientations_iPhone = UIInterfaceOrientationPortrait;
				LD_RUNPATH_SEARCH_PATHS = (
					"$(inherited)",
					"@executable_path/Frameworks",
				);
				MARKETING_VERSION = 1.0;
				PRODUCT_BUNDLE_IDENTIFIER = "calebshim.goals-app";
				PRODUCT_NAME = "$(TARGET_NAME)";
				SWIFT_EMIT_LOC_STRINGS = YES;
				SWIFT_VERSION = 5.0;
				TARGETED_DEVICE_FAMILY = "1,2";
			};
			name = Release;
		};
		95D24BAD300C910F008A3F53 /* Debug */ = {
			isa = XCBuildConfiguration;
			buildSettings = {
				BUNDLE_LOADER = "$(TEST_HOST)";
				CODE_SIGN_STYLE = Automatic;
				CURRENT_PROJECT_VERSION = 1;
				GENERATE_INFOPLIST_FILE = YES;
				IPHONEOS_DEPLOYMENT_TARGET = 16.4;
				MARKETING_VERSION = 1.0;
				PRODUCT_BUNDLE_IDENTIFIER = "calebshim.goals-appTests";
				PRODUCT_NAME = "$(TARGET_NAME)";
				SWIFT_EMIT_LOC_STRINGS = NO;
				SWIFT_VERSION = 5.0;
				TARGETED_DEVICE_FAMILY = "1,2";
				TEST_HOST = "$(BUILT_PRODUCTS_DIR)/goals-app.app/$(BUNDLE_EXECUTABLE_FOLDER_PATH)/goals-app";
			};
			name = Debug;
		};
		95D24BAE300C910F008A3F53 /* Release */ = {
			isa = XCBuildConfiguration;
			buildSettings = {
				BUNDLE_LOADER = "$(TEST_HOST)";
				CODE_SIGN_STYLE = Automatic;
				CURRENT_PROJECT_VERSION = 1;
				GENERATE_INFOPLIST_FILE = YES;
				IPHONEOS_DEPLOYMENT_TARGET = 16.4;
				MARKETING_VERSION = 1.0;
				PRODUCT_BUNDLE_IDENTIFIER = "calebshim.goals-appTests";
				PRODUCT_NAME = "$(TARGET_NAME)";
				SWIFT_EMIT_LOC_STRINGS = NO;
				SWIFT_VERSION = 5.0;
				TARGETED_DEVICE_FAMILY = "1,2";
				TEST_HOST = "$(BUILT_PRODUCTS_DIR)/goals-app.app/$(BUNDLE_EXECUTABLE_FOLDER_PATH)/goals-app";
			};
			name = Release;
		};
		95D24BB0300C910F008A3F53 /* Debug */ = {
			isa = XCBuildConfiguration;
			buildSettings = {
				CODE_SIGN_STYLE = Automatic;
				CURRENT_PROJECT_VERSION = 1;
				GENERATE_INFOPLIST_FILE = YES;
				MARKETING_VERSION = 1.0;
				PRODUCT_BUNDLE_IDENTIFIER = "calebshim.goals-appUITests";
				PRODUCT_NAME = "$(TARGET_NAME)";
				SWIFT_EMIT_LOC_STRINGS = NO;
				SWIFT_VERSION = 5.0;
				TARGETED_DEVICE_FAMILY = "1,2";
				TEST_TARGET_NAME = "goals-app";
			};
			name = Debug;
		};
		95D24BB1300C910F008A3F53 /* Release */ = {
			isa = XCBuildConfiguration;
			buildSettings = {
				CODE_SIGN_STYLE = Automatic;
				CURRENT_PROJECT_VERSION = 1;
				GENERATE_INFOPLIST_FILE = YES;
				MARKETING_VERSION = 1.0;
				PRODUCT_BUNDLE_IDENTIFIER = "calebshim.goals-appUITests";
				PRODUCT_NAME = "$(TARGET_NAME)";
				SWIFT_EMIT_LOC_STRINGS = NO;
				SWIFT_VERSION = 5.0;
				TARGETED_DEVICE_FAMILY = "1,2";
				TEST_TARGET_NAME = "goals-app";
			};
			name = Release;
		};
/* End XCBuildConfiguration section */

/* Begin XCConfigurationList section */
		95D24B80300C910E008A3F53 /* Build configuration list for PBXProject "goals-app" */ = {
			isa = XCConfigurationList;
			buildConfigurations = (
				95D24BA7300C910F008A3F53 /* Debug */,
				95D24BA8300C910F008A3F53 /* Release */,
			);
			defaultConfigurationIsVisible = 0;
			defaultConfigurationName = Release;
		};
		95D24BA9300C910F008A3F53 /* Build configuration list for PBXNativeTarget "goals-app" */ = {
			isa = XCConfigurationList;
			buildConfigurations = (
				95D24BAA300C910F008A3F53 /* Debug */,
				95D24BAB300C910F008A3F53 /* Release */,
			);
			defaultConfigurationIsVisible = 0;
			defaultConfigurationName = Release;
		};
		95D24BAC300C910F008A3F53 /* Build configuration list for PBXNativeTarget "goals-appTests" */ = {
			isa = XCConfigurationList;
			buildConfigurations = (
				95D24BAD300C910F008A3F53 /* Debug */,
				95D24BAE300C910F008A3F53 /* Release */,
			);
			defaultConfigurationIsVisible = 0;
			defaultConfigurationName = Release;
		};
		95D24BAF300C910F008A3F53 /* Build configuration list for PBXNativeTarget "goals-appUITests" */ = {
			isa = XCConfigurationList;
			buildConfigurations = (
				95D24BB0300C910F008A3F53 /* Debug */,
				95D24BB1300C910F008A3F53 /* Release */,
			);
			defaultConfigurationIsVisible = 0;
			defaultConfigurationName = Release;
		};
/* End XCConfigurationList section */

/* Begin XCRemoteSwiftPackageReference section */
		A10000020000000000000002 /* XCRemoteSwiftPackageReference "plaid-link-ios-spm" */ = {
			isa = XCRemoteSwiftPackageReference;
			repositoryURL = "https://github.com/plaid/plaid-link-ios-spm";
			requirement = {
				kind = upToNextMajorVersion;
				minimumVersion = 7.0.3;
			};
		};
/* End XCRemoteSwiftPackageReference section */

/* Begin XCSwiftPackageProductDependency section */
		A10000030000000000000003 /* LinkKit */ = {
			isa = XCSwiftPackageProductDependency;
			package = A10000020000000000000002 /* XCRemoteSwiftPackageReference "plaid-link-ios-spm" */;
			productName = LinkKit;
		};
/* End XCSwiftPackageProductDependency section */
	};
	rootObject = 95D24B7D300C910E008A3F53 /* Project object */;
}
